// !$*UTF8*$!
{
	archiveVersion = 1;
	classes = {
	};
	objectVersion = 56;
	objects = {

/* Begin PBXBuildFile section */
		D700CB3F2BB5F3180057BD42 /* DealsSortOrder.swift in Sources */ = {isa = PBXBuildFile; fileRef = D700CB3E2BB5F3180057BD42 /* DealsSortOrder.swift */; };
		D700CB412BB5F3F40057BD42 /* DealViewDto.swift in Sources */ = {isa = PBXBuildFile; fileRef = D700CB402BB5F3F40057BD42 /* DealViewDto.swift */; };
		D70615E32BB2E39C00036ACF /* DealsViewerApp.swift in Sources */ = {isa = PBXBuildFile; fileRef = D70615E22BB2E39C00036ACF /* DealsViewerApp.swift */; };
		D70615E52BB2E39C00036ACF /* ContentView.swift in Sources */ = {isa = PBXBuildFile; fileRef = D70615E42BB2E39C00036ACF /* ContentView.swift */; };
		D70615E72BB2E39E00036ACF /* Assets.xcassets in Resources */ = {isa = PBXBuildFile; fileRef = D70615E62BB2E39E00036ACF /* Assets.xcassets */; };
		D70615EA2BB2E39E00036ACF /* Preview Assets.xcassets in Resources */ = {isa = PBXBuildFile; fileRef = D70615E92BB2E39E00036ACF /* Preview Assets.xcassets */; };
		D70615F42BB2E39F00036ACF /* DealsViewerTests.swift in Sources */ = {isa = PBXBuildFile; fileRef = D70615F32BB2E39F00036ACF /* DealsViewerTests.swift */; };
		D70615FE2BB2E39F00036ACF /* DealsViewerUITests.swift in Sources */ = {isa = PBXBuildFile; fileRef = D70615FD2BB2E39F00036ACF /* DealsViewerUITests.swift */; };
		D70616002BB2E39F00036ACF /* DealsViewerUITestsLaunchTests.swift in Sources */ = {isa = PBXBuildFile; fileRef = D70615FF2BB2E39F00036ACF /* DealsViewerUITestsLaunchTests.swift */; };
		D70616102BB2E43100036ACF /* DealDto.swift in Sources */ = {isa = PBXBuildFile; fileRef = D706160F2BB2E43100036ACF /* DealDto.swift */; };
		D70616122BB3018500036ACF /* Server.swift in Sources */ = {isa = PBXBuildFile; fileRef = D70616112BB3018500036ACF /* Server.swift */; };
		D706161E2BB3261E00036ACF /* DealsDb.xcdatamodeld in Sources */ = {isa = PBXBuildFile; fileRef = D706161C2BB3261E00036ACF /* DealsDb.xcdatamodeld */; };
		D70616292BB327D100036ACF /* Deal+CoreDataClass.swift in Sources */ = {isa = PBXBuildFile; fileRef = D70616272BB327D100036ACF /* Deal+CoreDataClass.swift */; };
		D706162A2BB327D100036ACF /* Deal+CoreDataProperties.swift in Sources */ = {isa = PBXBuildFile; fileRef = D70616282BB327D100036ACF /* Deal+CoreDataProperties.swift */; };
		D75AC4332BB53640000BD021 /* DealsTemporaryStorage.swift in Sources */ = {isa = PBXBuildFile; fileRef = D75AC4322BB53640000BD021 /* DealsTemporaryStorage.swift */; };
		D7D9BCE32BB47B2700AAB21F /* TitleAndIconLabelStyle.swift in Sources */ = {isa = PBXBuildFile; fileRef = D7D9BCE22BB47B2700AAB21F /* TitleAndIconLabelStyle.swift */; };
		D7D9BCE72BB47BE400AAB21F /* SortKeyOrder.swift in Sources */ = {isa = PBXBuildFile; fileRef = D7D9BCE62BB47BE400AAB21F /* SortKeyOrder.swift */; };
		D7D9BCE92BB47C9500AAB21F /* DealsView.swift in Sources */ = {isa = PBXBuildFile; fileRef = D7D9BCE82BB47C9500AAB21F /* DealsView.swift */; };
		D7F939942BB5C42600ED7CB4 /* PreferenceKeys.swift in Sources */ = {isa = PBXBuildFile; fileRef = D7F939932BB5C42600ED7CB4 /* PreferenceKeys.swift */; };
		D7FAADB62BB413FA00E1FA81 /* DealsViewModel.swift in Sources */ = {isa = PBXBuildFile; fileRef = D7FAADB52BB413FA00E1FA81 /* DealsViewModel.swift */; };
/* End PBXBuildFile section */

/* Begin PBXContainerItemProxy section */
		D70615F02BB2E39F00036ACF /* PBXContainerItemProxy */ = {
			isa = PBXContainerItemProxy;
			containerPortal = D70615D72BB2E39B00036ACF /* Project object */;
			proxyType = 1;
			remoteGlobalIDString = D70615DE2BB2E39C00036ACF;
			remoteInfo = DealsViewer;
		};
		D70615FA2BB2E39F00036ACF /* PBXContainerItemProxy */ = {
			isa = PBXContainerItemProxy;
			containerPortal = D70615D72BB2E39B00036ACF /* Project object */;
			proxyType = 1;
			remoteGlobalIDString = D70615DE2BB2E39C00036ACF;
			remoteInfo = DealsViewer;
		};
/* End PBXContainerItemProxy section */

/* Begin PBXFileReference section */
		D700CB3E2BB5F3180057BD42 /* DealsSortOrder.swift */ = {isa = PBXFileReference; lastKnownFileType = sourcecode.swift; path = DealsSortOrder.swift; sourceTree = "<group>"; };
		D700CB402BB5F3F40057BD42 /* DealViewDto.swift */ = {isa = PBXFileReference; lastKnownFileType = sourcecode.swift; path = DealViewDto.swift; sourceTree = "<group>"; };
		D70615DF2BB2E39C00036ACF /* DealsViewer.app */ = {isa = PBXFileReference; explicitFileType = wrapper.application; includeInIndex = 0; path = DealsViewer.app; sourceTree = BUILT_PRODUCTS_DIR; };
		D70615E22BB2E39C00036ACF /* DealsViewerApp.swift */ = {isa = PBXFileReference; lastKnownFileType = sourcecode.swift; path = DealsViewerApp.swift; sourceTree = "<group>"; };
		D70615E42BB2E39C00036ACF /* ContentView.swift */ = {isa = PBXFileReference; lastKnownFileType = sourcecode.swift; path = ContentView.swift; sourceTree = "<group>"; };
		D70615E62BB2E39E00036ACF /* Assets.xcassets */ = {isa = PBXFileReference; lastKnownFileType = folder.assetcatalog; path = Assets.xcassets; sourceTree = "<group>"; };
		D70615E92BB2E39E00036ACF /* Preview Assets.xcassets */ = {isa = PBXFileReference; lastKnownFileType = folder.assetcatalog; path = "Preview Assets.xcassets"; sourceTree = "<group>"; };
		D70615EF2BB2E39F00036ACF /* DealsViewerTests.xctest */ = {isa = PBXFileReference; explicitFileType = wrapper.cfbundle; includeInIndex = 0; path = DealsViewerTests.xctest; sourceTree = BUILT_PRODUCTS_DIR; };
		D70615F32BB2E39F00036ACF /* DealsViewerTests.swift */ = {isa = PBXFileReference; lastKnownFileType = sourcecode.swift; path = DealsViewerTests.swift; sourceTree = "<group>"; };
		D70615F92BB2E39F00036ACF /* DealsViewerUITests.xctest */ = {isa = PBXFileReference; explicitFileType = wrapper.cfbundle; includeInIndex = 0; path = DealsViewerUITests.xctest; sourceTree = BUILT_PRODUCTS_DIR; };
		D70615FD2BB2E39F00036ACF /* DealsViewerUITests.swift */ = {isa = PBXFileReference; lastKnownFileType = sourcecode.swift; path = DealsViewerUITests.swift; sourceTree = "<group>"; };
		D70615FF2BB2E39F00036ACF /* DealsViewerUITestsLaunchTests.swift */ = {isa = PBXFileReference; lastKnownFileType = sourcecode.swift; path = DealsViewerUITestsLaunchTests.swift; sourceTree = "<group>"; };
		D706160F2BB2E43100036ACF /* DealDto.swift */ = {isa = PBXFileReference; lastKnownFileType = sourcecode.swift; path = DealDto.swift; sourceTree = "<group>"; };
		D70616112BB3018500036ACF /* Server.swift */ = {isa = PBXFileReference; lastKnownFileType = sourcecode.swift; path = Server.swift; sourceTree = "<group>"; };
		D706161D2BB3261E00036ACF /* DealsDb.xcdatamodel */ = {isa = PBXFileReference; lastKnownFileType = wrapper.xcdatamodel; path = DealsDb.xcdatamodel; sourceTree = "<group>"; };
		D70616272BB327D100036ACF /* Deal+CoreDataClass.swift */ = {isa = PBXFileReference; lastKnownFileType = sourcecode.swift; path = "Deal+CoreDataClass.swift"; sourceTree = "<group>"; };
		D70616282BB327D100036ACF /* Deal+CoreDataProperties.swift */ = {isa = PBXFileReference; lastKnownFileType = sourcecode.swift; path = "Deal+CoreDataProperties.swift"; sourceTree = "<group>"; };
		D75AC4322BB53640000BD021 /* DealsTemporaryStorage.swift */ = {isa = PBXFileReference; lastKnownFileType = sourcecode.swift; path = DealsTemporaryStorage.swift; sourceTree = "<group>"; };
		D7D9BCE22BB47B2700AAB21F /* TitleAndIconLabelStyle.swift */ = {isa = PBXFileReference; lastKnownFileType = sourcecode.swift; path = TitleAndIconLabelStyle.swift; sourceTree = "<group>"; };
		D7D9BCE62BB47BE400AAB21F /* SortKeyOrder.swift */ = {isa = PBXFileReference; lastKnownFileType = sourcecode.swift; path = SortKeyOrder.swift; sourceTree = "<group>"; };
		D7D9BCE82BB47C9500AAB21F /* DealsView.swift */ = {isa = PBXFileReference; lastKnownFileType = sourcecode.swift; path = DealsView.swift; sourceTree = "<group>"; };
		D7F939932BB5C42600ED7CB4 /* PreferenceKeys.swift */ = {isa = PBXFileReference; lastKnownFileType = sourcecode.swift; path = PreferenceKeys.swift; sourceTree = "<group>"; };
		D7FAADB52BB413FA00E1FA81 /* DealsViewModel.swift */ = {isa = PBXFileReference; lastKnownFileType = sourcecode.swift; path = DealsViewModel.swift; sourceTree = "<group>"; };
/* End PBXFileReference section */

/* Begin PBXFrameworksBuildPhase section */
		D70615DC2BB2E39C00036ACF /* Frameworks */ = {
			isa = PBXFrameworksBuildPhase;
			buildActionMask = 2147483647;
			files = (
			);
			runOnlyForDeploymentPostprocessing = 0;
		};
		D70615EC2BB2E39F00036ACF /* Frameworks */ = {
			isa = PBXFrameworksBuildPhase;
			buildActionMask = 2147483647;
			files = (
			);
			runOnlyForDeploymentPostprocessing = 0;
		};
		D70615F62BB2E39F00036ACF /* Frameworks */ = {
			isa = PBXFrameworksBuildPhase;
			buildActionMask = 2147483647;
			files = (
			);
			runOnlyForDeploymentPostprocessing = 0;
		};
/* End PBXFrameworksBuildPhase section */

/* Begin PBXGroup section */
		D700CB3B2BB5F2A20057BD42 /* CoreData */ = {
			isa = PBXGroup;
			children = (
				D70616272BB327D100036ACF /* Deal+CoreDataClass.swift */,
				D70616282BB327D100036ACF /* Deal+CoreDataProperties.swift */,
				D706161C2BB3261E00036ACF /* DealsDb.xcdatamodeld */,
			);
			path = CoreData;
			sourceTree = "<group>";
		};
		D700CB3C2BB5F2C60057BD42 /* Models */ = {
			isa = PBXGroup;
			children = (
				D706160F2BB2E43100036ACF /* DealDto.swift */,
				D700CB402BB5F3F40057BD42 /* DealViewDto.swift */,
				D700CB3E2BB5F3180057BD42 /* DealsSortOrder.swift */,
				D75AC4322BB53640000BD021 /* DealsTemporaryStorage.swift */,
				D7D9BCE62BB47BE400AAB21F /* SortKeyOrder.swift */,
			);
			path = Models;
			sourceTree = "<group>";
		};
		D700CB3D2BB5F2D20057BD42 /* Views */ = {
			isa = PBXGroup;
			children = (
				D70615E42BB2E39C00036ACF /* ContentView.swift */,
				D7D9BCE82BB47C9500AAB21F /* DealsView.swift */,
				D7F939932BB5C42600ED7CB4 /* PreferenceKeys.swift */,
				D7D9BCE22BB47B2700AAB21F /* TitleAndIconLabelStyle.swift */,
			);
			path = Views;
			sourceTree = "<group>";
		};
		D700CB422BB61F970057BD42 /* ViewModels */ = {
			isa = PBXGroup;
			children = (
				D7FAADB52BB413FA00E1FA81 /* DealsViewModel.swift */,
				D70616112BB3018500036ACF /* Server.swift */,
			);
			path = ViewModels;
			sourceTree = "<group>";
		};
		D70615D62BB2E39B00036ACF = {
			isa = PBXGroup;
			children = (
				D70615E12BB2E39C00036ACF /* DealsViewer */,
				D70615F22BB2E39F00036ACF /* DealsViewerTests */,
				D70615FC2BB2E39F00036ACF /* DealsViewerUITests */,
				D70615E02BB2E39C00036ACF /* Products */,
			);
			sourceTree = "<group>";
		};
		D70615E02BB2E39C00036ACF /* Products */ = {
			isa = PBXGroup;
			children = (
				D70615DF2BB2E39C00036ACF /* DealsViewer.app */,
				D70615EF2BB2E39F00036ACF /* DealsViewerTests.xctest */,
				D70615F92BB2E39F00036ACF /* DealsViewerUITests.xctest */,
			);
			name = Products;
			sourceTree = "<group>";
		};
		D70615E12BB2E39C00036ACF /* DealsViewer */ = {
			isa = PBXGroup;
			children = (
				D70615E22BB2E39C00036ACF /* DealsViewerApp.swift */,
				D700CB3C2BB5F2C60057BD42 /* Models */,
				D700CB3D2BB5F2D20057BD42 /* Views */,
				D700CB422BB61F970057BD42 /* ViewModels */,
				D700CB3B2BB5F2A20057BD42 /* CoreData */,
				D70615E62BB2E39E00036ACF /* Assets.xcassets */,
				D70615E82BB2E39E00036ACF /* Preview Content */,
			);
			path = DealsViewer;
			sourceTree = "<group>";
		};
		D70615E82BB2E39E00036ACF /* Preview Content */ = {
			isa = PBXGroup;
			children = (
				D70615E92BB2E39E00036ACF /* Preview Assets.xcassets */,
			);
			path = "Preview Content";
			sourceTree = "<group>";
		};
		D70615F22BB2E39F00036ACF /* DealsViewerTests */ = {
			isa = PBXGroup;
			children = (
				D70615F32BB2E39F00036ACF /* DealsViewerTests.swift */,
			);
			path = DealsViewerTests;
			sourceTree = "<group>";
		};
		D70615FC2BB2E39F00036ACF /* DealsViewerUITests */ = {
			isa = PBXGroup;
			children = (
				D70615FD2BB2E39F00036ACF /* DealsViewerUITests.swift */,
				D70615FF2BB2E39F00036ACF /* DealsViewerUITestsLaunchTests.swift */,
			);
			path = DealsViewerUITests;
			sourceTree = "<group>";
		};
/* End PBXGroup section */

/* Begin PBXNativeTarget section */
		D70615DE2BB2E39C00036ACF /* DealsViewer */ = {
			isa = PBXNativeTarget;
			buildConfigurationList = D70616032BB2E39F00036ACF /* Build configuration list for PBXNativeTarget "DealsViewer" */;
			buildPhases = (
				D70615DB2BB2E39C00036ACF /* Sources */,
				D70615DC2BB2E39C00036ACF /* Frameworks */,
				D70615DD2BB2E39C00036ACF /* Resources */,
			);
			buildRules = (
			);
			dependencies = (
			);
			name = DealsViewer;
			packageProductDependencies = (
			);
			productName = DealsViewer;
			productReference = D70615DF2BB2E39C00036ACF /* DealsViewer.app */;
			productType = "com.apple.product-type.application";
		};
		D70615EE2BB2E39F00036ACF /* DealsViewerTests */ = {
			isa = PBXNativeTarget;
			buildConfigurationList = D70616062BB2E39F00036ACF /* Build configuration list for PBXNativeTarget "DealsViewerTests" */;
			buildPhases = (
				D70615EB2BB2E39F00036ACF /* Sources */,
				D70615EC2BB2E39F00036ACF /* Frameworks */,
				D70615ED2BB2E39F00036ACF /* Resources */,
			);
			buildRules = (
			);
			dependencies = (
				D70615F12BB2E39F00036ACF /* PBXTargetDependency */,
			);
			name = DealsViewerTests;
			productName = DealsViewerTests;
			productReference = D70615EF2BB2E39F00036ACF /* DealsViewerTests.xctest */;
			productType = "com.apple.product-type.bundle.unit-test";
		};
		D70615F82BB2E39F00036ACF /* DealsViewerUITests */ = {
			isa = PBXNativeTarget;
			buildConfigurationList = D70616092BB2E39F00036ACF /* Build configuration list for PBXNativeTarget "DealsViewerUITests" */;
			buildPhases = (
				D70615F52BB2E39F00036ACF /* Sources */,
				D70615F62BB2E39F00036ACF /* Frameworks */,
				D70615F72BB2E39F00036ACF /* Resources */,
			);
			buildRules = (
			);
			dependencies = (
				D70615FB2BB2E39F00036ACF /* PBXTargetDependency */,
			);
			name = DealsViewerUITests;
			productName = DealsViewerUITests;
			productReference = D70615F92BB2E39F00036ACF /* DealsViewerUITests.xctest */;
			productType = "com.apple.product-type.bundle.ui-testing";
		};
/* End PBXNativeTarget section */

/* Begin PBXProject section */
		D70615D72BB2E39B00036ACF /* Project object */ = {
			isa = PBXProject;
			attributes = {
				BuildIndependentTargetsInParallel = 1;
				LastSwiftUpdateCheck = 1520;
				LastUpgradeCheck = 1520;
				TargetAttributes = {
					D70615DE2BB2E39C00036ACF = {
						CreatedOnToolsVersion = 15.2;
					};
					D70615EE2BB2E39F00036ACF = {
						CreatedOnToolsVersion = 15.2;
						TestTargetID = D70615DE2BB2E39C00036ACF;
					};
					D70615F82BB2E39F00036ACF = {
						CreatedOnToolsVersion = 15.2;
						TestTargetID = D70615DE2BB2E39C00036ACF;
					};
				};
			};
			buildConfigurationList = D70615DA2BB2E39B00036ACF /* Build configuration list for PBXProject "DealsViewer" */;
			compatibilityVersion = "Xcode 14.0";
			developmentRegion = en;
			hasScannedForEncodings = 0;
			knownRegions = (
				en,
				Base,
			);
			mainGroup = D70615D62BB2E39B00036ACF;
			packageReferences = (
			);
			productRefGroup = D70615E02BB2E39C00036ACF /* Products */;
			projectDirPath = "";
			projectRoot = "";
			targets = (
				D70615DE2BB2E39C00036ACF /* DealsViewer */,
				D70615EE2BB2E39F00036ACF /* DealsViewerTests */,
				D70615F82BB2E39F00036ACF /* DealsViewerUITests */,
			);
		};
/* End PBXProject section */

/* Begin PBXResourcesBuildPhase section */
		D70615DD2BB2E39C00036ACF /* Resources */ = {
			isa = PBXResourcesBuildPhase;
			buildActionMask = 2147483647;
			files = (
				D70615EA2BB2E39E00036ACF /* Preview Assets.xcassets in Resources */,
				D70615E72BB2E39E00036ACF /* Assets.xcassets in Resources */,
			);
			runOnlyForDeploymentPostprocessing = 0;
		};
		D70615ED2BB2E39F00036ACF /* Resources */ = {
			isa = PBXResourcesBuildPhase;
			buildActionMask = 2147483647;
			files = (
			);
			runOnlyForDeploymentPostprocessing = 0;
		};
		D70615F72BB2E39F00036ACF /* Resources */ = {
			isa = PBXResourcesBuildPhase;
			buildActionMask = 2147483647;
			files = (
			);
			runOnlyForDeploymentPostprocessing = 0;
		};
/* End PBXResourcesBuildPhase section */

/* Begin PBXSourcesBuildPhase section */
		D70615DB2BB2E39C00036ACF /* Sources */ = {
			isa = PBXSourcesBuildPhase;
			buildActionMask = 2147483647;
			files = (
				D7D9BCE32BB47B2700AAB21F /* TitleAndIconLabelStyle.swift in Sources */,
				D75AC4332BB53640000BD021 /* DealsTemporaryStorage.swift in Sources */,
				D70616102BB2E43100036ACF /* DealDto.swift in Sources */,
				D7F939942BB5C42600ED7CB4 /* PreferenceKeys.swift in Sources */,
				D7D9BCE72BB47BE400AAB21F /* SortKeyOrder.swift in Sources */,
				D7FAADB62BB413FA00E1FA81 /* DealsViewModel.swift in Sources */,
				D700CB412BB5F3F40057BD42 /* DealViewDto.swift in Sources */,
				D706162A2BB327D100036ACF /* Deal+CoreDataProperties.swift in Sources */,
				D70615E52BB2E39C00036ACF /* ContentView.swift in Sources */,
				D70616122BB3018500036ACF /* Server.swift in Sources */,
				D70616292BB327D100036ACF /* Deal+CoreDataClass.swift in Sources */,
				D700CB3F2BB5F3180057BD42 /* DealsSortOrder.swift in Sources */,
				D70615E32BB2E39C00036ACF /* DealsViewerApp.swift in Sources */,
				D706161E2BB3261E00036ACF /* DealsDb.xcdatamodeld in Sources */,
				D7D9BCE92BB47C9500AAB21F /* DealsView.swift in Sources */,
			);
			runOnlyForDeploymentPostprocessing = 0;
		};
		D70615EB2BB2E39F00036ACF /* Sources */ = {
			isa = PBXSourcesBuildPhase;
			buildActionMask = 2147483647;
			files = (
				D70615F42BB2E39F00036ACF /* DealsViewerTests.swift in Sources */,
			);
			runOnlyForDeploymentPostprocessing = 0;
		};
		D70615F52BB2E39F00036ACF /* Sources */ = {
			isa = PBXSourcesBuildPhase;
			buildActionMask = 2147483647;
			files = (
				D70616002BB2E39F00036ACF /* DealsViewerUITestsLaunchTests.swift in Sources */,
				D70615FE2BB2E39F00036ACF /* DealsViewerUITests.swift in Sources */,
			);
			runOnlyForDeploymentPostprocessing = 0;
		};
/* End PBXSourcesBuildPhase section */

/* Begin PBXTargetDependency section */
		D70615F12BB2E39F00036ACF /* PBXTargetDependency */ = {
			isa = PBXTargetDependency;
			target = D70615DE2BB2E39C00036ACF /* DealsViewer */;
			targetProxy = D70615F02BB2E39F00036ACF /* PBXContainerItemProxy */;
		};
		D70615FB2BB2E39F00036ACF /* PBXTargetDependency */ = {
			isa = PBXTargetDependency;
			target = D70615DE2BB2E39C00036ACF /* DealsViewer */;
			targetProxy = D70615FA2BB2E39F00036ACF /* PBXContainerItemProxy */;
		};
/* End PBXTargetDependency section */

/* Begin XCBuildConfiguration section */
		D70616012BB2E39F00036ACF /* Debug */ = {
			isa = XCBuildConfiguration;
			buildSettings = {
				ALWAYS_SEARCH_USER_PATHS = NO;
				ASSETCATALOG_COMPILER_GENERATE_SWIFT_ASSET_SYMBOL_EXTENSIONS = YES;
				CLANG_ANALYZER_NONNULL = YES;
				CLANG_ANALYZER_NUMBER_OBJECT_CONVERSION = YES_AGGRESSIVE;
				CLANG_CXX_LANGUAGE_STANDARD = "gnu++20";
				CLANG_ENABLE_MODULES = YES;
				CLANG_ENABLE_OBJC_ARC = YES;
				CLANG_ENABLE_OBJC_WEAK = YES;
				CLANG_WARN_BLOCK_CAPTURE_AUTORELEASING = YES;
				CLANG_WARN_BOOL_CONVERSION = YES;
				CLANG_WARN_COMMA = YES;
				CLANG_WARN_CONSTANT_CONVERSION = YES;
				CLANG_WARN_DEPRECATED_OBJC_IMPLEMENTATIONS = YES;
				CLANG_WARN_DIRECT_OBJC_ISA_USAGE = YES_ERROR;
				CLANG_WARN_DOCUMENTATION_COMMENTS = YES;
				CLANG_WARN_EMPTY_BODY = YES;
				CLANG_WARN_ENUM_CONVERSION = YES;
				CLANG_WARN_INFINITE_RECURSION = YES;
				CLANG_WARN_INT_CONVERSION = YES;
				CLANG_WARN_NON_LITERAL_NULL_CONVERSION = YES;
				CLANG_WARN_OBJC_IMPLICIT_RETAIN_SELF = YES;
				CLANG_WARN_OBJC_LITERAL_CONVERSION = YES;
				CLANG_WARN_OBJC_ROOT_CLASS = YES_ERROR;
				CLANG_WARN_QUOTED_INCLUDE_IN_FRAMEWORK_HEADER = YES;
				CLANG_WARN_RANGE_LOOP_ANALYSIS = YES;
				CLANG_WARN_STRICT_PROTOTYPES = YES;
				CLANG_WARN_SUSPICIOUS_MOVE = YES;
				CLANG_WARN_UNGUARDED_AVAILABILITY = YES_AGGRESSIVE;
				CLANG_WARN_UNREACHABLE_CODE = YES;
				CLANG_WARN__DUPLICATE_METHOD_MATCH = YES;
				COPY_PHASE_STRIP = NO;
				DEBUG_INFORMATION_FORMAT = dwarf;
				ENABLE_STRICT_OBJC_MSGSEND = YES;
				ENABLE_TESTABILITY = YES;
				ENABLE_USER_SCRIPT_SANDBOXING = YES;
				GCC_C_LANGUAGE_STANDARD = gnu17;
				GCC_DYNAMIC_NO_PIC = NO;
				GCC_NO_COMMON_BLOCKS = YES;
				GCC_OPTIMIZATION_LEVEL = 0;
				GCC_PREPROCESSOR_DEFINITIONS = (
					"DEBUG=1",
					"$(inherited)",
				);
				GCC_WARN_64_TO_32_BIT_CONVERSION = YES;
				GCC_WARN_ABOUT_RETURN_TYPE = YES_ERROR;
				GCC_WARN_UNDECLARED_SELECTOR = YES;
				GCC_WARN_UNINITIALIZED_AUTOS = YES_AGGRESSIVE;
				GCC_WARN_UNUSED_FUNCTION = YES;
				GCC_WARN_UNUSED_VARIABLE = YES;
				IPHONEOS_DEPLOYMENT_TARGET = 16.0;
				LOCALIZATION_PREFERS_STRING_CATALOGS = YES;
				MTL_ENABLE_DEBUG_INFO = INCLUDE_SOURCE;
				MTL_FAST_MATH = YES;
				ONLY_ACTIVE_ARCH = YES;
				SDKROOT = iphoneos;
				SWIFT_ACTIVE_COMPILATION_CONDITIONS = "DEBUG $(inherited)";
				SWIFT_OPTIMIZATION_LEVEL = "-Onone";
				SWIFT_STRICT_CONCURRENCY = minimal;
			};
			name = Debug;
		};
		D70616022BB2E39F00036ACF /* Release */ = {
			isa = XCBuildConfiguration;
			buildSettings = {
				ALWAYS_SEARCH_USER_PATHS = NO;
				ASSETCATALOG_COMPILER_GENERATE_SWIFT_ASSET_SYMBOL_EXTENSIONS = YES;
				CLANG_ANALYZER_NONNULL = YES;
				CLANG_ANALYZER_NUMBER_OBJECT_CONVERSION = YES_AGGRESSIVE;
				CLANG_CXX_LANGUAGE_STANDARD = "gnu++20";
				CLANG_ENABLE_MODULES = YES;
				CLANG_ENABLE_OBJC_ARC = YES;
				CLANG_ENABLE_OBJC_WEAK = YES;
				CLANG_WARN_BLOCK_CAPTURE_AUTORELEASING = YES;
				CLANG_WARN_BOOL_CONVERSION = YES;
				CLANG_WARN_COMMA = YES;
				CLANG_WARN_CONSTANT_CONVERSION = YES;
				CLANG_WARN_DEPRECATED_OBJC_IMPLEMENTATIONS = YES;
				CLANG_WARN_DIRECT_OBJC_ISA_USAGE = YES_ERROR;
				CLANG_WARN_DOCUMENTATION_COMMENTS = YES;
				CLANG_WARN_EMPTY_BODY = YES;
				CLANG_WARN_ENUM_CONVERSION = YES;
				CLANG_WARN_INFINITE_RECURSION = YES;
				CLANG_WARN_INT_CONVERSION = YES;
				CLANG_WARN_NON_LITERAL_NULL_CONVERSION = YES;
				CLANG_WARN_OBJC_IMPLICIT_RETAIN_SELF = YES;
				CLANG_WARN_OBJC_LITERAL_CONVERSION = YES;
				CLANG_WARN_OBJC_ROOT_CLASS = YES_ERROR;
				CLANG_WARN_QUOTED_INCLUDE_IN_FRAMEWORK_HEADER = YES;
				CLANG_WARN_RANGE_LOOP_ANALYSIS = YES;
				CLANG_WARN_STRICT_PROTOTYPES = YES;
				CLANG_WARN_SUSPICIOUS_MOVE = YES;
				CLANG_WARN_UNGUARDED_AVAILABILITY = YES_AGGRESSIVE;
				CLANG_WARN_UNREACHABLE_CODE = YES;
				CLANG_WARN__DUPLICATE_METHOD_MATCH = YES;
				COPY_PHASE_STRIP = NO;
				DEBUG_INFORMATION_FORMAT = "dwarf-with-dsym";
				ENABLE_NS_ASSERTIONS = NO;
				ENABLE_STRICT_OBJC_MSGSEND = YES;
				ENABLE_USER_SCRIPT_SANDBOXING = YES;
				GCC_C_LANGUAGE_STANDARD = gnu17;
				GCC_NO_COMMON_BLOCKS = YES;
				GCC_WARN_64_TO_32_BIT_CONVERSION = YES;
				GCC_WARN_ABOUT_RETURN_TYPE = YES_ERROR;
				GCC_WARN_UNDECLARED_SELECTOR = YES;
				GCC_WARN_UNINITIALIZED_AUTOS = YES_AGGRESSIVE;
				GCC_WARN_UNUSED_FUNCTION = YES;
				GCC_WARN_UNUSED_VARIABLE = YES;
				IPHONEOS_DEPLOYMENT_TARGET = 16.0;
				LOCALIZATION_PREFERS_STRING_CATALOGS = YES;
				MTL_ENABLE_DEBUG_INFO = NO;
				MTL_FAST_MATH = YES;
				SDKROOT = iphoneos;
				SWIFT_COMPILATION_MODE = wholemodule;
				SWIFT_STRICT_CONCURRENCY = minimal;
				VALIDATE_PRODUCT = YES;
			};
			name = Release;
		};
		D70616042BB2E39F00036ACF /* Debug */ = {
			isa = XCBuildConfiguration;
			buildSettings = {
				ASSETCATALOG_COMPILER_APPICON_NAME = AppIcon;
				ASSETCATALOG_COMPILER_GLOBAL_ACCENT_COLOR_NAME = AccentColor;
				CODE_SIGN_STYLE = Automatic;
				CURRENT_PROJECT_VERSION = 1;
				DEVELOPMENT_ASSET_PATHS = "\"DealsViewer/Preview Content\"";
				DEVELOPMENT_TEAM = 8FA6F58X42;
				ENABLE_PREVIEWS = YES;
				GENERATE_INFOPLIST_FILE = YES;
				INFOPLIST_KEY_UIApplicationSceneManifest_Generation = YES;
				INFOPLIST_KEY_UIApplicationSupportsIndirectInputEvents = YES;
				INFOPLIST_KEY_UILaunchScreen_Generation = YES;
				INFOPLIST_KEY_UISupportedInterfaceOrientations_iPad = "UIInterfaceOrientationPortrait UIInterfaceOrientationPortraitUpsideDown UIInterfaceOrientationLandscapeLeft UIInterfaceOrientationLandscapeRight";
				INFOPLIST_KEY_UISupportedInterfaceOrientations_iPhone = "UIInterfaceOrientationPortrait UIInterfaceOrientationLandscapeLeft UIInterfaceOrientationLandscapeRight";
				LD_RUNPATH_SEARCH_PATHS = (
					"$(inherited)",
					"@executable_path/Frameworks",
				);
				MARKETING_VERSION = 1.0;
				PRODUCT_BUNDLE_IDENTIFIER = com.aynur19.DealsViewer;
				PRODUCT_NAME = "$(TARGET_NAME)";
				SWIFT_EMIT_LOC_STRINGS = YES;
				SWIFT_STRICT_CONCURRENCY = minimal;
				SWIFT_VERSION = 5.0;
				TARGETED_DEVICE_FAMILY = "1,2";
			};
			name = Debug;
		};
		D70616052BB2E39F00036ACF /* Release */ = {
			isa = XCBuildConfiguration;
			buildSettings = {
				ASSETCATALOG_COMPILER_APPICON_NAME = AppIcon;
				ASSETCATALOG_COMPILER_GLOBAL_ACCENT_COLOR_NAME = AccentColor;
				CODE_SIGN_STYLE = Automatic;
				CURRENT_PROJECT_VERSION = 1;
				DEVELOPMENT_ASSET_PATHS = "\"DealsViewer/Preview Content\"";
				DEVELOPMENT_TEAM = 8FA6F58X42;
				ENABLE_PREVIEWS = YES;
				GENERATE_INFOPLIST_FILE = YES;
				INFOPLIST_KEY_UIApplicationSceneManifest_Generation = YES;
				INFOPLIST_KEY_UIApplicationSupportsIndirectInputEvents = YES;
				INFOPLIST_KEY_UILaunchScreen_Generation = YES;
				INFOPLIST_KEY_UISupportedInterfaceOrientations_iPad = "UIInterfaceOrientationPortrait UIInterfaceOrientationPortraitUpsideDown UIInterfaceOrientationLandscapeLeft UIInterfaceOrientationLandscapeRight";
				INFOPLIST_KEY_UISupportedInterfaceOrientations_iPhone = "UIInterfaceOrientationPortrait UIInterfaceOrientationLandscapeLeft UIInterfaceOrientationLandscapeRight";
				LD_RUNPATH_SEARCH_PATHS = (
					"$(inherited)",
					"@executable_path/Frameworks",
				);
				MARKETING_VERSION = 1.0;
				PRODUCT_BUNDLE_IDENTIFIER = com.aynur19.DealsViewer;
				PRODUCT_NAME = "$(TARGET_NAME)";
				SWIFT_EMIT_LOC_STRINGS = YES;
				SWIFT_STRICT_CONCURRENCY = minimal;
				SWIFT_VERSION = 5.0;
				TARGETED_DEVICE_FAMILY = "1,2";
			};
			name = Release;
		};
		D70616072BB2E39F00036ACF /* Debug */ = {
			isa = XCBuildConfiguration;
			buildSettings = {
				ALWAYS_EMBED_SWIFT_STANDARD_LIBRARIES = YES;
				BUNDLE_LOADER = "$(TEST_HOST)";
				CODE_SIGN_STYLE = Automatic;
				CURRENT_PROJECT_VERSION = 1;
				DEVELOPMENT_TEAM = 8FA6F58X42;
				GENERATE_INFOPLIST_FILE = YES;
				IPHONEOS_DEPLOYMENT_TARGET = 16.0;
				MARKETING_VERSION = 1.0;
				PRODUCT_BUNDLE_IDENTIFIER = com.aynur19.DealsViewerTests;
				PRODUCT_NAME = "$(TARGET_NAME)";
				SWIFT_EMIT_LOC_STRINGS = NO;
				SWIFT_VERSION = 5.0;
				TARGETED_DEVICE_FAMILY = "1,2";
				TEST_HOST = "$(BUILT_PRODUCTS_DIR)/DealsViewer.app/$(BUNDLE_EXECUTABLE_FOLDER_PATH)/DealsViewer";
			};
			name = Debug;
		};
		D70616082BB2E39F00036ACF /* Release */ = {
			isa = XCBuildConfiguration;
			buildSettings = {
				ALWAYS_EMBED_SWIFT_STANDARD_LIBRARIES = YES;
				BUNDLE_LOADER = "$(TEST_HOST)";
				CODE_SIGN_STYLE = Automatic;
				CURRENT_PROJECT_VERSION = 1;
				DEVELOPMENT_TEAM = 8FA6F58X42;
				GENERATE_INFOPLIST_FILE = YES;
				IPHONEOS_DEPLOYMENT_TARGET = 16.0;
				MARKETING_VERSION = 1.0;
				PRODUCT_BUNDLE_IDENTIFIER = com.aynur19.DealsViewerTests;
				PRODUCT_NAME = "$(TARGET_NAME)";
				SWIFT_EMIT_LOC_STRINGS = NO;
				SWIFT_VERSION = 5.0;
				TARGETED_DEVICE_FAMILY = "1,2";
				TEST_HOST = "$(BUILT_PRODUCTS_DIR)/DealsViewer.app/$(BUNDLE_EXECUTABLE_FOLDER_PATH)/DealsViewer";
			};
			name = Release;
		};
		D706160A2BB2E39F00036ACF /* Debug */ = {
			isa = XCBuildConfiguration;
			buildSettings = {
				ALWAYS_EMBED_SWIFT_STANDARD_LIBRARIES = YES;
				CODE_SIGN_STYLE = Automatic;
				CURRENT_PROJECT_VERSION = 1;
				DEVELOPMENT_TEAM = 8FA6F58X42;
				GENERATE_INFOPLIST_FILE = YES;
				MARKETING_VERSION = 1.0;
				PRODUCT_BUNDLE_IDENTIFIER = com.aynur19.DealsViewerUITests;
				PRODUCT_NAME = "$(TARGET_NAME)";
				SWIFT_EMIT_LOC_STRINGS = NO;
				SWIFT_VERSION = 5.0;
				TARGETED_DEVICE_FAMILY = "1,2";
				TEST_TARGET_NAME = DealsViewer;
			};
			name = Debug;
		};
		D706160B2BB2E39F00036ACF /* Release */ = {
			isa = XCBuildConfiguration;
			buildSettings = {
				ALWAYS_EMBED_SWIFT_STANDARD_LIBRARIES = YES;
				CODE_SIGN_STYLE = Automatic;
				CURRENT_PROJECT_VERSION = 1;
				DEVELOPMENT_TEAM = 8FA6F58X42;
				GENERATE_INFOPLIST_FILE = YES;
				MARKETING_VERSION = 1.0;
				PRODUCT_BUNDLE_IDENTIFIER = com.aynur19.DealsViewerUITests;
				PRODUCT_NAME = "$(TARGET_NAME)";
				SWIFT_EMIT_LOC_STRINGS = NO;
				SWIFT_VERSION = 5.0;
				TARGETED_DEVICE_FAMILY = "1,2";
				TEST_TARGET_NAME = DealsViewer;
			};
			name = Release;
		};
/* End XCBuildConfiguration section */

/* Begin XCConfigurationList section */
		D70615DA2BB2E39B00036ACF /* Build configuration list for PBXProject "DealsViewer" */ = {
			isa = XCConfigurationList;
			buildConfigurations = (
				D70616012BB2E39F00036ACF /* Debug */,
				D70616022BB2E39F00036ACF /* Release */,
			);
			defaultConfigurationIsVisible = 0;
			defaultConfigurationName = Release;
		};
		D70616032BB2E39F00036ACF /* Build configuration list for PBXNativeTarget "DealsViewer" */ = {
			isa = XCConfigurationList;
			buildConfigurations = (
				D70616042BB2E39F00036ACF /* Debug */,
				D70616052BB2E39F00036ACF /* Release */,
			);
			defaultConfigurationIsVisible = 0;
			defaultConfigurationName = Release;
		};
		D70616062BB2E39F00036ACF /* Build configuration list for PBXNativeTarget "DealsViewerTests" */ = {
			isa = XCConfigurationList;
			buildConfigurations = (
				D70616072BB2E39F00036ACF /* Debug */,
				D70616082BB2E39F00036ACF /* Release */,
			);
			defaultConfigurationIsVisible = 0;
			defaultConfigurationName = Release;
		};
		D70616092BB2E39F00036ACF /* Build configuration list for PBXNativeTarget "DealsViewerUITests" */ = {
			isa = XCConfigurationList;
			buildConfigurations = (
				D706160A2BB2E39F00036ACF /* Debug */,
				D706160B2BB2E39F00036ACF /* Release */,
			);
			defaultConfigurationIsVisible = 0;
			defaultConfigurationName = Release;
		};
/* End XCConfigurationList section */

/* Begin XCVersionGroup section */
		D706161C2BB3261E00036ACF /* DealsDb.xcdatamodeld */ = {
			isa = XCVersionGroup;
			children = (
				D706161D2BB3261E00036ACF /* DealsDb.xcdatamodel */,
			);
			currentVersion = D706161D2BB3261E00036ACF /* DealsDb.xcdatamodel */;
			path = DealsDb.xcdatamodeld;
			sourceTree = "<group>";
			versionGroupType = wrapper.xcdatamodel;
		};
/* End XCVersionGroup section */
	};
	rootObject = D70615D72BB2E39B00036ACF /* Project object */;
}
